
Microsoft Visual Studio Solution File, Format Version 12.00
# Visual Studio Version 16
VisualStudioVersion = 16.0.31605.320
MinimumVisualStudioVersion = 10.0.40219.1
Project("{FAE04EC0-301F-11D3-BF4B-00C04F79EFBC}") = "MelBox2", "MelBox2\MelBox2.csproj", "{BC824405-9A54-4F5B-A076-D42298C14DA0}"
EndProject
Project("{FAE04EC0-301F-11D3-BF4B-00C04F79EFBC}") = "MelBoxGsm", "..\..\MelBoxGsmDll\MelBoxGsm\MelBoxGsm.csproj", "{67AE48F4-6038-4175-98C4-358211E6F2A3}"
EndProject
Global
	GlobalSection(SolutionConfigurationPlatforms) = preSolution
		Debug|Any CPU = Debug|Any CPU
		Debug|x64 = Debug|x64
		Release|Any CPU = Release|Any CPU
		Release|x64 = Release|x64
	EndGlobalSection
	GlobalSection(ProjectConfigurationPlatforms) = postSolution
		{BC824405-9A54-4F5B-A076-D42298C14DA0}.Debug|Any CPU.ActiveCfg = Debug|Any CPU
		{BC824405-9A54-4F5B-A076-D42298C14DA0}.Debug|Any CPU.Build.0 = Debug|Any CPU
		{BC824405-9A54-4F5B-A076-D42298C14DA0}.Debug|x64.ActiveCfg = Debug|x64
		{BC824405-9A54-4F5B-A076-D42298C14DA0}.Debug|x64.Build.0 = Debug|x64
		{BC824405-9A54-4F5B-A076-D42298C14DA0}.Release|Any CPU.ActiveCfg = Release|Any CPU
		{BC824405-9A54-4F5B-A076-D42298C14DA0}.Release|Any CPU.Build.0 = Release|Any CPU
		{BC824405-9A54-4F5B-A076-D42298C14DA0}.Release|x64.ActiveCfg = Release|x64
		{BC824405-9A54-4F5B-A076-D42298C14DA0}.Release|x64.Build.0 = Release|x64
		{67AE48F4-6038-4175-98C4-358211E6F2A3}.Debug|Any CPU.ActiveCfg = Debug|Any CPU
		{67AE48F4-6038-4175-98C4-358211E6F2A3}.Debug|Any CPU.Build.0 = Debug|Any CPU
		{67AE48F4-6038-4175-98C4-358211E6F2A3}.Debug|x64.ActiveCfg = Debug|x64
		{67AE48F4-6038-4175-98C4-358211E6F2A3}.Debug|x64.Build.0 = Debug|x64
		{67AE48F4-6038-4175-98C4-358211E6F2A3}.Release|Any CPU.ActiveCfg = Release|Any CPU
		{67AE48F4-6038-4175-98C4-358211E6F2A3}.Release|Any CPU.Build.0 = Release|Any CPU
		{67AE48F4-6038-4175-98C4-358211E6F2A3}.Release|x64.ActiveCfg = Release|x64
		{67AE48F4-6038-4175-98C4-358211E6F2A3}.Release|x64.Build.0 = Release|x64
	EndGlobalSection
	GlobalSection(SolutionProperties) = preSolution
		HideSolutionNode = FALSE
	EndGlobalSection
	GlobalSection(ExtensibilityGlobals) = postSolution
		SolutionGuid = {99F31062-D73A-44E8-98FE-7E40E7E279AA}
	EndGlobalSection
EndGlobal
